
Microsoft Visual Studio Solution File, Format Version 12.00
# Visual Studio 15
VisualStudioVersion = 15.0.27703.2000
MinimumVisualStudioVersion = 10.0.40219.1
Project("{FAE04EC0-301F-11D3-BF4B-00C04F79EFBC}") = "TestFunctionVS01", "TestFunctionVS01\TestFunctionVS01.csproj", "{3FDE7CEF-F78D-46DA-B633-44BCD94BAA61}"
EndProject
Global
	GlobalSection(SolutionConfigurationPlatforms) = preSolution
		Debug|Any CPU = Debug|Any CPU
		Release|Any CPU = Release|Any CPU
	EndGlobalSection
	GlobalSection(ProjectConfigurationPlatforms) = postSolution
		{3FDE7CEF-F78D-46DA-B633-44BCD94BAA61}.Debug|Any CPU.ActiveCfg = Debug|Any CPU
		{3FDE7CEF-F78D-46DA-B633-44BCD94BAA61}.Debug|Any CPU.Build.0 = Debug|Any CPU
		{3FDE7CEF-F78D-46DA-B633-44BCD94BAA61}.Release|Any CPU.ActiveCfg = Release|Any CPU
		{3FDE7CEF-F78D-46DA-B633-44BCD94BAA61}.Release|Any CPU.Build.0 = Release|Any CPU
	EndGlobalSection
	GlobalSection(SolutionProperties) = preSolution
		HideSolutionNode = FALSE
	EndGlobalSection
	GlobalSection(ExtensibilityGlobals) = postSolution
		SolutionGuid = {C77DA29F-2335-4AB3-B901-D3CF6DAA4341}
	EndGlobalSection
EndGlobal
